
Microsoft Visual Studio Solution File, Format Version 12.00
Project("{FAE04EC0-301F-11D3-BF4B-00C04F79EFBC}") = "Parme.Net", "Parme.Net\Parme.Net.csproj", "{C61A7DEE-7AEC-4E7F-89A9-DDA8A5860592}"
EndProject
Project("{FAE04EC0-301F-11D3-BF4B-00C04F79EFBC}") = "Parme.Net.Tests", "Parme.Net.Tests\Parme.Net.Tests.csproj", "{AFDCD039-20C9-49D6-B3E0-86C4FC2A34FD}"
EndProject
Project("{FAE04EC0-301F-11D3-BF4B-00C04F79EFBC}") = "Parme.Net.Benchmarks", "Parme.Net.Benchmarks\Parme.Net.Benchmarks.csproj", "{C73B8728-E331-4A8A-9857-67D0DC14B229}"
EndProject
Project("{FAE04EC0-301F-11D3-BF4B-00C04F79EFBC}") = "Parme.Net.Frb", "Parme.Net.Frb\Parme.Net.Frb.csproj", "{7A48BEFC-799F-4358-9173-DC23035B215F}"
EndProject
Project("{FAE04EC0-301F-11D3-BF4B-00C04F79EFBC}") = "Parme.Net.Frb.Example", "Parme.Net.Frb.Example\Parme.Net.Frb.Example.csproj", "{36A6D5C8-91BF-494A-BB70-52EC2CDB0B88}"
EndProject
Project("{FAE04EC0-301F-11D3-BF4B-00C04F79EFBC}") = "Parme.Net.Editor", "Parme.Net.Editor\Parme.Net.Editor.csproj", "{65177F82-3BA3-4766-AD18-63F034EA1D5B}"
EndProject
Global
	GlobalSection(SolutionConfigurationPlatforms) = preSolution
		Debug|Any CPU = Debug|Any CPU
		Release|Any CPU = Release|Any CPU
	EndGlobalSection
	GlobalSection(ProjectConfigurationPlatforms) = postSolution
		{C61A7DEE-7AEC-4E7F-89A9-DDA8A5860592}.Debug|Any CPU.ActiveCfg = Debug|Any CPU
		{C61A7DEE-7AEC-4E7F-89A9-DDA8A5860592}.Debug|Any CPU.Build.0 = Debug|Any CPU
		{C61A7DEE-7AEC-4E7F-89A9-DDA8A5860592}.Release|Any CPU.ActiveCfg = Release|Any CPU
		{C61A7DEE-7AEC-4E7F-89A9-DDA8A5860592}.Release|Any CPU.Build.0 = Release|Any CPU
		{AFDCD039-20C9-49D6-B3E0-86C4FC2A34FD}.Debug|Any CPU.ActiveCfg = Debug|Any CPU
		{AFDCD039-20C9-49D6-B3E0-86C4FC2A34FD}.Debug|Any CPU.Build.0 = Debug|Any CPU
		{AFDCD039-20C9-49D6-B3E0-86C4FC2A34FD}.Release|Any CPU.ActiveCfg = Release|Any CPU
		{AFDCD039-20C9-49D6-B3E0-86C4FC2A34FD}.Release|Any CPU.Build.0 = Release|Any CPU
		{C73B8728-E331-4A8A-9857-67D0DC14B229}.Debug|Any CPU.ActiveCfg = Debug|Any CPU
		{C73B8728-E331-4A8A-9857-67D0DC14B229}.Debug|Any CPU.Build.0 = Debug|Any CPU
		{C73B8728-E331-4A8A-9857-67D0DC14B229}.Release|Any CPU.ActiveCfg = Release|Any CPU
		{C73B8728-E331-4A8A-9857-67D0DC14B229}.Release|Any CPU.Build.0 = Release|Any CPU
		{7A48BEFC-799F-4358-9173-DC23035B215F}.Debug|Any CPU.ActiveCfg = Debug|Any CPU
		{7A48BEFC-799F-4358-9173-DC23035B215F}.Debug|Any CPU.Build.0 = Debug|Any CPU
		{7A48BEFC-799F-4358-9173-DC23035B215F}.Release|Any CPU.ActiveCfg = Release|Any CPU
		{7A48BEFC-799F-4358-9173-DC23035B215F}.Release|Any CPU.Build.0 = Release|Any CPU
		{36A6D5C8-91BF-494A-BB70-52EC2CDB0B88}.Debug|Any CPU.ActiveCfg = Debug|x86
		{36A6D5C8-91BF-494A-BB70-52EC2CDB0B88}.Debug|Any CPU.Build.0 = Debug|x86
		{36A6D5C8-91BF-494A-BB70-52EC2CDB0B88}.Release|Any CPU.ActiveCfg = Release|x86
		{36A6D5C8-91BF-494A-BB70-52EC2CDB0B88}.Release|Any CPU.Build.0 = Release|x86
		{65177F82-3BA3-4766-AD18-63F034EA1D5B}.Debug|Any CPU.ActiveCfg = Debug|Any CPU
		{65177F82-3BA3-4766-AD18-63F034EA1D5B}.Debug|Any CPU.Build.0 = Debug|Any CPU
		{65177F82-3BA3-4766-AD18-63F034EA1D5B}.Release|Any CPU.ActiveCfg = Release|Any CPU
		{65177F82-3BA3-4766-AD18-63F034EA1D5B}.Release|Any CPU.Build.0 = Release|Any CPU
	EndGlobalSection
EndGlobal
